// !$*UTF8*$!
{
	archiveVersion = 1;
	classes = {
	};
	objectVersion = 56;
	objects = {

/* Begin PBXBuildFile section */
		C33D5E8129EB1B5500D4EE22 /* AppDelegate.swift in Sources */ = {isa = PBXBuildFile; fileRef = C33D5E8029EB1B5500D4EE22 /* AppDelegate.swift */; };
		C33D5E8329EB1B5500D4EE22 /* SceneDelegate.swift in Sources */ = {isa = PBXBuildFile; fileRef = C33D5E8229EB1B5500D4EE22 /* SceneDelegate.swift */; };
		C33D5E8529EB1B5500D4EE22 /* ViewController.swift in Sources */ = {isa = PBXBuildFile; fileRef = C33D5E8429EB1B5500D4EE22 /* ViewController.swift */; };
		C33D5E8829EB1B5500D4EE22 /* Main.storyboard in Resources */ = {isa = PBXBuildFile; fileRef = C33D5E8629EB1B5500D4EE22 /* Main.storyboard */; };
		C33D5E8A29EB1B5A00D4EE22 /* Assets.xcassets in Resources */ = {isa = PBXBuildFile; fileRef = C33D5E8929EB1B5A00D4EE22 /* Assets.xcassets */; };
		C33D5E8D29EB1B5A00D4EE22 /* LaunchScreen.storyboard in Resources */ = {isa = PBXBuildFile; fileRef = C33D5E8B29EB1B5A00D4EE22 /* LaunchScreen.storyboard */; };
		C33D5E9829EB1B5B00D4EE22 /* Piloten_CockpitTests.swift in Sources */ = {isa = PBXBuildFile; fileRef = C33D5E9729EB1B5B00D4EE22 /* Piloten_CockpitTests.swift */; };
		C33D5EA229EB1B5B00D4EE22 /* Piloten_CockpitUITests.swift in Sources */ = {isa = PBXBuildFile; fileRef = C33D5EA129EB1B5B00D4EE22 /* Piloten_CockpitUITests.swift */; };
		C33D5EA429EB1B5B00D4EE22 /* Piloten_CockpitUITestsLaunchTests.swift in Sources */ = {isa = PBXBuildFile; fileRef = C33D5EA329EB1B5B00D4EE22 /* Piloten_CockpitUITestsLaunchTests.swift */; };
/* End PBXBuildFile section */

/* Begin PBXContainerItemProxy section */
		C33D5E9429EB1B5B00D4EE22 /* PBXContainerItemProxy */ = {
			isa = PBXContainerItemProxy;
			containerPortal = C33D5E7529EB1B5400D4EE22 /* Project object */;
			proxyType = 1;
			remoteGlobalIDString = C33D5E7C29EB1B5500D4EE22;
			remoteInfo = "Piloten Cockpit";
		};
		C33D5E9E29EB1B5B00D4EE22 /* PBXContainerItemProxy */ = {
			isa = PBXContainerItemProxy;
			containerPortal = C33D5E7529EB1B5400D4EE22 /* Project object */;
			proxyType = 1;
			remoteGlobalIDString = C33D5E7C29EB1B5500D4EE22;
			remoteInfo = "Piloten Cockpit";
		};
/* End PBXContainerItemProxy section */

/* Begin PBXFileReference section */
		C33D5E7D29EB1B5500D4EE22 /* Piloten Cockpit.app */ = {isa = PBXFileReference; explicitFileType = wrapper.application; includeInIndex = 0; path = "Piloten Cockpit.app"; sourceTree = BUILT_PRODUCTS_DIR; };
		C33D5E8029EB1B5500D4EE22 /* AppDelegate.swift */ = {isa = PBXFileReference; lastKnownFileType = sourcecode.swift; path = AppDelegate.swift; sourceTree = "<group>"; };
		C33D5E8229EB1B5500D4EE22 /* SceneDelegate.swift */ = {isa = PBXFileReference; lastKnownFileType = sourcecode.swift; path = SceneDelegate.swift; sourceTree = "<group>"; };
		C33D5E8429EB1B5500D4EE22 /* ViewController.swift */ = {isa = PBXFileReference; lastKnownFileType = sourcecode.swift; path = ViewController.swift; sourceTree = "<group>"; };
		C33D5E8729EB1B5500D4EE22 /* Base */ = {isa = PBXFileReference; lastKnownFileType = file.storyboard; name = Base; path = Base.lproj/Main.storyboard; sourceTree = "<group>"; };
		C33D5E8929EB1B5A00D4EE22 /* Assets.xcassets */ = {isa = PBXFileReference; lastKnownFileType = folder.assetcatalog; path = Assets.xcassets; sourceTree = "<group>"; };
		C33D5E8C29EB1B5A00D4EE22 /* Base */ = {isa = PBXFileReference; lastKnownFileType = file.storyboard; name = Base; path = Base.lproj/LaunchScreen.storyboard; sourceTree = "<group>"; };
		C33D5E8E29EB1B5A00D4EE22 /* Info.plist */ = {isa = PBXFileReference; lastKnownFileType = text.plist.xml; path = Info.plist; sourceTree = "<group>"; };
		C33D5E9329EB1B5B00D4EE22 /* Piloten CockpitTests.xctest */ = {isa = PBXFileReference; explicitFileType = wrapper.cfbundle; includeInIndex = 0; path = "Piloten CockpitTests.xctest"; sourceTree = BUILT_PRODUCTS_DIR; };
		C33D5E9729EB1B5B00D4EE22 /* Piloten_CockpitTests.swift */ = {isa = PBXFileReference; lastKnownFileType = sourcecode.swift; path = Piloten_CockpitTests.swift; sourceTree = "<group>"; };
		C33D5E9D29EB1B5B00D4EE22 /* Piloten CockpitUITests.xctest */ = {isa = PBXFileReference; explicitFileType = wrapper.cfbundle; includeInIndex = 0; path = "Piloten CockpitUITests.xctest"; sourceTree = BUILT_PRODUCTS_DIR; };
		C33D5EA129EB1B5B00D4EE22 /* Piloten_CockpitUITests.swift */ = {isa = PBXFileReference; lastKnownFileType = sourcecode.swift; path = Piloten_CockpitUITests.swift; sourceTree = "<group>"; };
		C33D5EA329EB1B5B00D4EE22 /* Piloten_CockpitUITestsLaunchTests.swift */ = {isa = PBXFileReference; lastKnownFileType = sourcecode.swift; path = Piloten_CockpitUITestsLaunchTests.swift; sourceTree = "<group>"; };
/* End PBXFileReference section */

/* Begin PBXFrameworksBuildPhase section */
		C33D5E7A29EB1B5500D4EE22 /* Frameworks */ = {
			isa = PBXFrameworksBuildPhase;
			buildActionMask = 2147483647;
			files = (
			);
			runOnlyForDeploymentPostprocessing = 0;
		};
		C33D5E9029EB1B5B00D4EE22 /* Frameworks */ = {
			isa = PBXFrameworksBuildPhase;
			buildActionMask = 2147483647;
			files = (
			);
			runOnlyForDeploymentPostprocessing = 0;
		};
		C33D5E9A29EB1B5B00D4EE22 /* Frameworks */ = {
			isa = PBXFrameworksBuildPhase;
			buildActionMask = 2147483647;
			files = (
			);
			runOnlyForDeploymentPostprocessing = 0;
		};
/* End PBXFrameworksBuildPhase section */

/* Begin PBXGroup section */
		C33D5E7429EB1B5400D4EE22 = {
			isa = PBXGroup;
			children = (
				C33D5E7F29EB1B5500D4EE22 /* Piloten Cockpit */,
				C33D5E9629EB1B5B00D4EE22 /* Piloten CockpitTests */,
				C33D5EA029EB1B5B00D4EE22 /* Piloten CockpitUITests */,
				C33D5E7E29EB1B5500D4EE22 /* Products */,
			);
			sourceTree = "<group>";
		};
		C33D5E7E29EB1B5500D4EE22 /* Products */ = {
			isa = PBXGroup;
			children = (
				C33D5E7D29EB1B5500D4EE22 /* Piloten Cockpit.app */,
				C33D5E9329EB1B5B00D4EE22 /* Piloten CockpitTests.xctest */,
				C33D5E9D29EB1B5B00D4EE22 /* Piloten CockpitUITests.xctest */,
			);
			name = Products;
			sourceTree = "<group>";
		};
		C33D5E7F29EB1B5500D4EE22 /* Piloten Cockpit */ = {
			isa = PBXGroup;
			children = (
				C33D5E8029EB1B5500D4EE22 /* AppDelegate.swift */,
				C33D5E8229EB1B5500D4EE22 /* SceneDelegate.swift */,
				C33D5E8429EB1B5500D4EE22 /* ViewController.swift */,
				C33D5E8629EB1B5500D4EE22 /* Main.storyboard */,
				C33D5E8929EB1B5A00D4EE22 /* Assets.xcassets */,
				C33D5E8B29EB1B5A00D4EE22 /* LaunchScreen.storyboard */,
				C33D5E8E29EB1B5A00D4EE22 /* Info.plist */,
			);
			path = "Piloten Cockpit";
			sourceTree = "<group>";
		};
		C33D5E9629EB1B5B00D4EE22 /* Piloten CockpitTests */ = {
			isa = PBXGroup;
			children = (
				C33D5E9729EB1B5B00D4EE22 /* Piloten_CockpitTests.swift */,
			);
			path = "Piloten CockpitTests";
			sourceTree = "<group>";
		};
		C33D5EA029EB1B5B00D4EE22 /* Piloten CockpitUITests */ = {
			isa = PBXGroup;
			children = (
				C33D5EA129EB1B5B00D4EE22 /* Piloten_CockpitUITests.swift */,
				C33D5EA329EB1B5B00D4EE22 /* Piloten_CockpitUITestsLaunchTests.swift */,
			);
			path = "Piloten CockpitUITests";
			sourceTree = "<group>";
		};
/* End PBXGroup section */

/* Begin PBXNativeTarget section */
		C33D5E7C29EB1B5500D4EE22 /* Piloten Cockpit */ = {
			isa = PBXNativeTarget;
			buildConfigurationList = C33D5EA729EB1B5B00D4EE22 /* Build configuration list for PBXNativeTarget "Piloten Cockpit" */;
			buildPhases = (
				C33D5E7929EB1B5500D4EE22 /* Sources */,
				C33D5E7A29EB1B5500D4EE22 /* Frameworks */,
				C33D5E7B29EB1B5500D4EE22 /* Resources */,
			);
			buildRules = (
			);
			dependencies = (
			);
			name = "Piloten Cockpit";
			productName = "Piloten Cockpit";
			productReference = C33D5E7D29EB1B5500D4EE22 /* Piloten Cockpit.app */;
			productType = "com.apple.product-type.application";
		};
		C33D5E9229EB1B5B00D4EE22 /* Piloten CockpitTests */ = {
			isa = PBXNativeTarget;
			buildConfigurationList = C33D5EAA29EB1B5B00D4EE22 /* Build configuration list for PBXNativeTarget "Piloten CockpitTests" */;
			buildPhases = (
				C33D5E8F29EB1B5B00D4EE22 /* Sources */,
				C33D5E9029EB1B5B00D4EE22 /* Frameworks */,
				C33D5E9129EB1B5B00D4EE22 /* Resources */,
			);
			buildRules = (
			);
			dependencies = (
				C33D5E9529EB1B5B00D4EE22 /* PBXTargetDependency */,
			);
			name = "Piloten CockpitTests";
			productName = "Piloten CockpitTests";
			productReference = C33D5E9329EB1B5B00D4EE22 /* Piloten CockpitTests.xctest */;
			productType = "com.apple.product-type.bundle.unit-test";
		};
		C33D5E9C29EB1B5B00D4EE22 /* Piloten CockpitUITests */ = {
			isa = PBXNativeTarget;
			buildConfigurationList = C33D5EAD29EB1B5B00D4EE22 /* Build configuration list for PBXNativeTarget "Piloten CockpitUITests" */;
			buildPhases = (
				C33D5E9929EB1B5B00D4EE22 /* Sources */,
				C33D5E9A29EB1B5B00D4EE22 /* Frameworks */,
				C33D5E9B29EB1B5B00D4EE22 /* Resources */,
			);
			buildRules = (
			);
			dependencies = (
				C33D5E9F29EB1B5B00D4EE22 /* PBXTargetDependency */,
			);
			name = "Piloten CockpitUITests";
			productName = "Piloten CockpitUITests";
			productReference = C33D5E9D29EB1B5B00D4EE22 /* Piloten CockpitUITests.xctest */;
			productType = "com.apple.product-type.bundle.ui-testing";
		};
/* End PBXNativeTarget section */

/* Begin PBXProject section */
		C33D5E7529EB1B5400D4EE22 /* Project object */ = {
			isa = PBXProject;
			attributes = {
				BuildIndependentTargetsInParallel = 1;
				LastSwiftUpdateCheck = 1430;
				LastUpgradeCheck = 1430;
				TargetAttributes = {
					C33D5E7C29EB1B5500D4EE22 = {
						CreatedOnToolsVersion = 14.3;
					};
					C33D5E9229EB1B5B00D4EE22 = {
						CreatedOnToolsVersion = 14.3;
						TestTargetID = C33D5E7C29EB1B5500D4EE22;
					};
					C33D5E9C29EB1B5B00D4EE22 = {
						CreatedOnToolsVersion = 14.3;
						TestTargetID = C33D5E7C29EB1B5500D4EE22;
					};
				};
			};
			buildConfigurationList = C33D5E7829EB1B5400D4EE22 /* Build configuration list for PBXProject "Piloten Cockpit" */;
			compatibilityVersion = "Xcode 14.0";
			developmentRegion = en;
			hasScannedForEncodings = 0;
			knownRegions = (
				en,
				Base,
			);
			mainGroup = C33D5E7429EB1B5400D4EE22;
			productRefGroup = C33D5E7E29EB1B5500D4EE22 /* Products */;
			projectDirPath = "";
			projectRoot = "";
			targets = (
				C33D5E7C29EB1B5500D4EE22 /* Piloten Cockpit */,
				C33D5E9229EB1B5B00D4EE22 /* Piloten CockpitTests */,
				C33D5E9C29EB1B5B00D4EE22 /* Piloten CockpitUITests */,
			);
		};
/* End PBXProject section */

/* Begin PBXResourcesBuildPhase section */
		C33D5E7B29EB1B5500D4EE22 /* Resources */ = {
			isa = PBXResourcesBuildPhase;
			buildActionMask = 2147483647;
			files = (
				C33D5E8D29EB1B5A00D4EE22 /* LaunchScreen.storyboard in Resources */,
				C33D5E8A29EB1B5A00D4EE22 /* Assets.xcassets in Resources */,
				C33D5E8829EB1B5500D4EE22 /* Main.storyboard in Resources */,
			);
			runOnlyForDeploymentPostprocessing = 0;
		};
		C33D5E9129EB1B5B00D4EE22 /* Resources */ = {
			isa = PBXResourcesBuildPhase;
			buildActionMask = 2147483647;
			files = (
			);
			runOnlyForDeploymentPostprocessing = 0;
		};
		C33D5E9B29EB1B5B00D4EE22 /* Resources */ = {
			isa = PBXResourcesBuildPhase;
			buildActionMask = 2147483647;
			files = (
			);
			runOnlyForDeploymentPostprocessing = 0;
		};
/* End PBXResourcesBuildPhase section */

/* Begin PBXSourcesBuildPhase section */
		C33D5E7929EB1B5500D4EE22 /* Sources */ = {
			isa = PBXSourcesBuildPhase;
			buildActionMask = 2147483647;
			files = (
				C33D5E8529EB1B5500D4EE22 /* ViewController.swift in Sources */,
				C33D5E8129EB1B5500D4EE22 /* AppDelegate.swift in Sources */,
				C33D5E8329EB1B5500D4EE22 /* SceneDelegate.swift in Sources */,
			);
			runOnlyForDeploymentPostprocessing = 0;
		};
		C33D5E8F29EB1B5B00D4EE22 /* Sources */ = {
			isa = PBXSourcesBuildPhase;
			buildActionMask = 2147483647;
			files = (
				C33D5E9829EB1B5B00D4EE22 /* Piloten_CockpitTests.swift in Sources */,
			);
			runOnlyForDeploymentPostprocessing = 0;
		};
		C33D5E9929EB1B5B00D4EE22 /* Sources */ = {
			isa = PBXSourcesBuildPhase;
			buildActionMask = 2147483647;
			files = (
				C33D5EA429EB1B5B00D4EE22 /* Piloten_CockpitUITestsLaunchTests.swift in Sources */,
				C33D5EA229EB1B5B00D4EE22 /* Piloten_CockpitUITests.swift in Sources */,
			);
			runOnlyForDeploymentPostprocessing = 0;
		};
/* End PBXSourcesBuildPhase section */

/* Begin PBXTargetDependency section */
		C33D5E9529EB1B5B00D4EE22 /* PBXTargetDependency */ = {
			isa = PBXTargetDependency;
			target = C33D5E7C29EB1B5500D4EE22 /* Piloten Cockpit */;
			targetProxy = C33D5E9429EB1B5B00D4EE22 /* PBXContainerItemProxy */;
		};
		C33D5E9F29EB1B5B00D4EE22 /* PBXTargetDependency */ = {
			isa = PBXTargetDependency;
			target = C33D5E7C29EB1B5500D4EE22 /* Piloten Cockpit */;
			targetProxy = C33D5E9E29EB1B5B00D4EE22 /* PBXContainerItemProxy */;
		};
/* End PBXTargetDependency section */

/* Begin PBXVariantGroup section */
		C33D5E8629EB1B5500D4EE22 /* Main.storyboard */ = {
			isa = PBXVariantGroup;
			children = (
				C33D5E8729EB1B5500D4EE22 /* Base */,
			);
			name = Main.storyboard;
			sourceTree = "<group>";
		};
		C33D5E8B29EB1B5A00D4EE22 /* LaunchScreen.storyboard */ = {
			isa = PBXVariantGroup;
			children = (
				C33D5E8C29EB1B5A00D4EE22 /* Base */,
			);
			name = LaunchScreen.storyboard;
			sourceTree = "<group>";
		};
/* End PBXVariantGroup section */

/* Begin XCBuildConfiguration section */
		C33D5EA529EB1B5B00D4EE22 /* Debug */ = {
			isa = XCBuildConfiguration;
			buildSettings = {
				ALWAYS_SEARCH_USER_PATHS = NO;
				CLANG_ANALYZER_NONNULL = YES;
				CLANG_ANALYZER_NUMBER_OBJECT_CONVERSION = YES_AGGRESSIVE;
				CLANG_CXX_LANGUAGE_STANDARD = "gnu++20";
				CLANG_ENABLE_MODULES = YES;
				CLANG_ENABLE_OBJC_ARC = YES;
				CLANG_ENABLE_OBJC_WEAK = YES;
				CLANG_WARN_BLOCK_CAPTURE_AUTORELEASING = YES;
				CLANG_WARN_BOOL_CONVERSION = YES;
				CLANG_WARN_COMMA = YES;
				CLANG_WARN_CONSTANT_CONVERSION = YES;
				CLANG_WARN_DEPRECATED_OBJC_IMPLEMENTATIONS = YES;
				CLANG_WARN_DIRECT_OBJC_ISA_USAGE = YES_ERROR;
				CLANG_WARN_DOCUMENTATION_COMMENTS = YES;
				CLANG_WARN_EMPTY_BODY = YES;
				CLANG_WARN_ENUM_CONVERSION = YES;
				CLANG_WARN_INFINITE_RECURSION = YES;
				CLANG_WARN_INT_CONVERSION = YES;
				CLANG_WARN_NON_LITERAL_NULL_CONVERSION = YES;
				CLANG_WARN_OBJC_IMPLICIT_RETAIN_SELF = YES;
				CLANG_WARN_OBJC_LITERAL_CONVERSION = YES;
				CLANG_WARN_OBJC_ROOT_CLASS = YES_ERROR;
				CLANG_WARN_QUOTED_INCLUDE_IN_FRAMEWORK_HEADER = YES;
				CLANG_WARN_RANGE_LOOP_ANALYSIS = YES;
				CLANG_WARN_STRICT_PROTOTYPES = YES;
				CLANG_WARN_SUSPICIOUS_MOVE = YES;
				CLANG_WARN_UNGUARDED_AVAILABILITY = YES_AGGRESSIVE;
				CLANG_WARN_UNREACHABLE_CODE = YES;
				CLANG_WARN__DUPLICATE_METHOD_MATCH = YES;
				COPY_PHASE_STRIP = NO;
				DEBUG_INFORMATION_FORMAT = dwarf;
				ENABLE_STRICT_OBJC_MSGSEND = YES;
				ENABLE_TESTABILITY = YES;
				GCC_C_LANGUAGE_STANDARD = gnu11;
				GCC_DYNAMIC_NO_PIC = NO;
				GCC_NO_COMMON_BLOCKS = YES;
				GCC_OPTIMIZATION_LEVEL = 0;
				GCC_PREPROCESSOR_DEFINITIONS = (
					"DEBUG=1",
					"$(inherited)",
				);
				GCC_WARN_64_TO_32_BIT_CONVERSION = YES;
				GCC_WARN_ABOUT_RETURN_TYPE = YES_ERROR;
				GCC_WARN_UNDECLARED_SELECTOR = YES;
				GCC_WARN_UNINITIALIZED_AUTOS = YES_AGGRESSIVE;
				GCC_WARN_UNUSED_FUNCTION = YES;
				GCC_WARN_UNUSED_VARIABLE = YES;
				IPHONEOS_DEPLOYMENT_TARGET = 16.4;
				MTL_ENABLE_DEBUG_INFO = INCLUDE_SOURCE;
				MTL_FAST_MATH = YES;
				ONLY_ACTIVE_ARCH = YES;
				SDKROOT = iphoneos;
				SWIFT_ACTIVE_COMPILATION_CONDITIONS = DEBUG;
				SWIFT_OPTIMIZATION_LEVEL = "-Onone";
			};
			name = Debug;
		};
		C33D5EA629EB1B5B00D4EE22 /* Release */ = {
			isa = XCBuildConfiguration;
			buildSettings = {
				ALWAYS_SEARCH_USER_PATHS = NO;
				CLANG_ANALYZER_NONNULL = YES;
				CLANG_ANALYZER_NUMBER_OBJECT_CONVERSION = YES_AGGRESSIVE;
				CLANG_CXX_LANGUAGE_STANDARD = "gnu++20";
				CLANG_ENABLE_MODULES = YES;
				CLANG_ENABLE_OBJC_ARC = YES;
				CLANG_ENABLE_OBJC_WEAK = YES;
				CLANG_WARN_BLOCK_CAPTURE_AUTORELEASING = YES;
				CLANG_WARN_BOOL_CONVERSION = YES;
				CLANG_WARN_COMMA = YES;
				CLANG_WARN_CONSTANT_CONVERSION = YES;
				CLANG_WARN_DEPRECATED_OBJC_IMPLEMENTATIONS = YES;
				CLANG_WARN_DIRECT_OBJC_ISA_USAGE = YES_ERROR;
				CLANG_WARN_DOCUMENTATION_COMMENTS = YES;
				CLANG_WARN_EMPTY_BODY = YES;
				CLANG_WARN_ENUM_CONVERSION = YES;
				CLANG_WARN_INFINITE_RECURSION = YES;
				CLANG_WARN_INT_CONVERSION = YES;
				CLANG_WARN_NON_LITERAL_NULL_CONVERSION = YES;
				CLANG_WARN_OBJC_IMPLICIT_RETAIN_SELF = YES;
				CLANG_WARN_OBJC_LITERAL_CONVERSION = YES;
				CLANG_WARN_OBJC_ROOT_CLASS = YES_ERROR;
				CLANG_WARN_QUOTED_INCLUDE_IN_FRAMEWORK_HEADER = YES;
				CLANG_WARN_RANGE_LOOP_ANALYSIS = YES;
				CLANG_WARN_STRICT_PROTOTYPES = YES;
				CLANG_WARN_SUSPICIOUS_MOVE = YES;
				CLANG_WARN_UNGUARDED_AVAILABILITY = YES_AGGRESSIVE;
				CLANG_WARN_UNREACHABLE_CODE = YES;
				CLANG_WARN__DUPLICATE_METHOD_MATCH = YES;
				COPY_PHASE_STRIP = NO;
				DEBUG_INFORMATION_FORMAT = "dwarf-with-dsym";
				ENABLE_NS_ASSERTIONS = NO;
				ENABLE_STRICT_OBJC_MSGSEND = YES;
				GCC_C_LANGUAGE_STANDARD = gnu11;
				GCC_NO_COMMON_BLOCKS = YES;
				GCC_WARN_64_TO_32_BIT_CONVERSION = YES;
				GCC_WARN_ABOUT_RETURN_TYPE = YES_ERROR;
				GCC_WARN_UNDECLARED_SELECTOR = YES;
				GCC_WARN_UNINITIALIZED_AUTOS = YES_AGGRESSIVE;
				GCC_WARN_UNUSED_FUNCTION = YES;
				GCC_WARN_UNUSED_VARIABLE = YES;
				IPHONEOS_DEPLOYMENT_TARGET = 16.4;
				MTL_ENABLE_DEBUG_INFO = NO;
				MTL_FAST_MATH = YES;
				SDKROOT = iphoneos;
				SWIFT_COMPILATION_MODE = wholemodule;
				SWIFT_OPTIMIZATION_LEVEL = "-O";
				VALIDATE_PRODUCT = YES;
			};
			name = Release;
		};
		C33D5EA829EB1B5B00D4EE22 /* Debug */ = {
			isa = XCBuildConfiguration;
			buildSettings = {
				ASSETCATALOG_COMPILER_APPICON_NAME = AppIcon;
				ASSETCATALOG_COMPILER_GLOBAL_ACCENT_COLOR_NAME = AccentColor;
				CODE_SIGN_STYLE = Automatic;
				CURRENT_PROJECT_VERSION = 1;
				DEVELOPMENT_TEAM = 8T4ZTXT2JH;
				GENERATE_INFOPLIST_FILE = YES;
				INFOPLIST_FILE = "Piloten Cockpit/Info.plist";
				INFOPLIST_KEY_UIApplicationSupportsIndirectInputEvents = YES;
				INFOPLIST_KEY_UILaunchStoryboardName = Main.storyboard;
				INFOPLIST_KEY_UIMainStoryboardFile = Main;
				INFOPLIST_KEY_UISupportedInterfaceOrientations_iPad = "UIInterfaceOrientationPortrait UIInterfaceOrientationPortraitUpsideDown UIInterfaceOrientationLandscapeLeft UIInterfaceOrientationLandscapeRight";
				INFOPLIST_KEY_UISupportedInterfaceOrientations_iPhone = "UIInterfaceOrientationPortrait UIInterfaceOrientationLandscapeLeft UIInterfaceOrientationLandscapeRight";
				IPHONEOS_DEPLOYMENT_TARGET = 14.4;
				LD_RUNPATH_SEARCH_PATHS = (
					"$(inherited)",
					"@executable_path/Frameworks",
				);
				MARKETING_VERSION = 1.0;
				PRODUCT_BUNDLE_IDENTIFIER = "de.baar-flieger.Piloten-Cockpit";
				PRODUCT_NAME = "$(TARGET_NAME)";
				SWIFT_EMIT_LOC_STRINGS = YES;
				SWIFT_VERSION = 5.0;
				TARGETED_DEVICE_FAMILY = "1,2";
			};
			name = Debug;
		};
		C33D5EA929EB1B5B00D4EE22 /* Release */ = {
			isa = XCBuildConfiguration;
			buildSettings = {
				ASSETCATALOG_COMPILER_APPICON_NAME = AppIcon;
				ASSETCATALOG_COMPILER_GLOBAL_ACCENT_COLOR_NAME = AccentColor;
				CODE_SIGN_STYLE = Automatic;
				CURRENT_PROJECT_VERSION = 1;
				DEVELOPMENT_TEAM = 8T4ZTXT2JH;
				GENERATE_INFOPLIST_FILE = YES;
				INFOPLIST_FILE = "Piloten Cockpit/Info.plist";
				INFOPLIST_KEY_UIApplicationSupportsIndirectInputEvents = YES;
				INFOPLIST_KEY_UILaunchStoryboardName = Main.storyboard;
				INFOPLIST_KEY_UIMainStoryboardFile = Main;
				INFOPLIST_KEY_UISupportedInterfaceOrientations_iPad = "UIInterfaceOrientationPortrait UIInterfaceOrientationPortraitUpsideDown UIInterfaceOrientationLandscapeLeft UIInterfaceOrientationLandscapeRight";
				INFOPLIST_KEY_UISupportedInterfaceOrientations_iPhone = "UIInterfaceOrientationPortrait UIInterfaceOrientationLandscapeLeft UIInterfaceOrientationLandscapeRight";
				IPHONEOS_DEPLOYMENT_TARGET = 14.4;
				LD_RUNPATH_SEARCH_PATHS = (
					"$(inherited)",
					"@executable_path/Frameworks",
				);
				MARKETING_VERSION = 1.0;
				PRODUCT_BUNDLE_IDENTIFIER = "de.baar-flieger.Piloten-Cockpit";
				PRODUCT_NAME = "$(TARGET_NAME)";
				SWIFT_EMIT_LOC_STRINGS = YES;
				SWIFT_VERSION = 5.0;
				TARGETED_DEVICE_FAMILY = "1,2";
			};
			name = Release;
		};
		C33D5EAB29EB1B5B00D4EE22 /* Debug */ = {
			isa = XCBuildConfiguration;
			buildSettings = {
				ALWAYS_EMBED_SWIFT_STANDARD_LIBRARIES = YES;
				BUNDLE_LOADER = "$(TEST_HOST)";
				CODE_SIGN_STYLE = Automatic;
				CURRENT_PROJECT_VERSION = 1;
				GENERATE_INFOPLIST_FILE = YES;
				IPHONEOS_DEPLOYMENT_TARGET = 16.4;
				MARKETING_VERSION = 1.0;
				PRODUCT_BUNDLE_IDENTIFIER = "de.baar-flieger.Piloten-CockpitTests";
				PRODUCT_NAME = "$(TARGET_NAME)";
				SWIFT_EMIT_LOC_STRINGS = NO;
				SWIFT_VERSION = 5.0;
				TARGETED_DEVICE_FAMILY = "1,2";
				TEST_HOST = "$(BUILT_PRODUCTS_DIR)/Piloten Cockpit.app/$(BUNDLE_EXECUTABLE_FOLDER_PATH)/Piloten Cockpit";
			};
			name = Debug;
		};
		C33D5EAC29EB1B5B00D4EE22 /* Release */ = {
			isa = XCBuildConfiguration;
			buildSettings = {
				ALWAYS_EMBED_SWIFT_STANDARD_LIBRARIES = YES;
				BUNDLE_LOADER = "$(TEST_HOST)";
				CODE_SIGN_STYLE = Automatic;
				CURRENT_PROJECT_VERSION = 1;
				GENERATE_INFOPLIST_FILE = YES;
				IPHONEOS_DEPLOYMENT_TARGET = 16.4;
				MARKETING_VERSION = 1.0;
				PRODUCT_BUNDLE_IDENTIFIER = "de.baar-flieger.Piloten-CockpitTests";
				PRODUCT_NAME = "$(TARGET_NAME)";
				SWIFT_EMIT_LOC_STRINGS = NO;
				SWIFT_VERSION = 5.0;
				TARGETED_DEVICE_FAMILY = "1,2";
				TEST_HOST = "$(BUILT_PRODUCTS_DIR)/Piloten Cockpit.app/$(BUNDLE_EXECUTABLE_FOLDER_PATH)/Piloten Cockpit";
			};
			name = Release;
		};
		C33D5EAE29EB1B5B00D4EE22 /* Debug */ = {
			isa = XCBuildConfiguration;
			buildSettings = {
				ALWAYS_EMBED_SWIFT_STANDARD_LIBRARIES = YES;
				CODE_SIGN_STYLE = Automatic;
				CURRENT_PROJECT_VERSION = 1;
				GENERATE_INFOPLIST_FILE = YES;
				MARKETING_VERSION = 1.0;
				PRODUCT_BUNDLE_IDENTIFIER = "de.baar-flieger.Piloten-CockpitUITests";
				PRODUCT_NAME = "$(TARGET_NAME)";
				SWIFT_EMIT_LOC_STRINGS = NO;
				SWIFT_VERSION = 5.0;
				TARGETED_DEVICE_FAMILY = "1,2";
				TEST_TARGET_NAME = "Piloten Cockpit";
			};
			name = Debug;
		};
		C33D5EAF29EB1B5B00D4EE22 /* Release */ = {
			isa = XCBuildConfiguration;
			buildSettings = {
				ALWAYS_EMBED_SWIFT_STANDARD_LIBRARIES = YES;
				CODE_SIGN_STYLE = Automatic;
				CURRENT_PROJECT_VERSION = 1;
				GENERATE_INFOPLIST_FILE = YES;
				MARKETING_VERSION = 1.0;
				PRODUCT_BUNDLE_IDENTIFIER = "de.baar-flieger.Piloten-CockpitUITests";
				PRODUCT_NAME = "$(TARGET_NAME)";
				SWIFT_EMIT_LOC_STRINGS = NO;
				SWIFT_VERSION = 5.0;
				TARGETED_DEVICE_FAMILY = "1,2";
				TEST_TARGET_NAME = "Piloten Cockpit";
			};
			name = Release;
		};
/* End XCBuildConfiguration section */

/* Begin XCConfigurationList section */
		C33D5E7829EB1B5400D4EE22 /* Build configuration list for PBXProject "Piloten Cockpit" */ = {
			isa = XCConfigurationList;
			buildConfigurations = (
				C33D5EA529EB1B5B00D4EE22 /* Debug */,
				C33D5EA629EB1B5B00D4EE22 /* Release */,
			);
			defaultConfigurationIsVisible = 0;
			defaultConfigurationName = Release;
		};
		C33D5EA729EB1B5B00D4EE22 /* Build configuration list for PBXNativeTarget "Piloten Cockpit" */ = {
			isa = XCConfigurationList;
			buildConfigurations = (
				C33D5EA829EB1B5B00D4EE22 /* Debug */,
				C33D5EA929EB1B5B00D4EE22 /* Release */,
			);
			defaultConfigurationIsVisible = 0;
			defaultConfigurationName = Release;
		};
		C33D5EAA29EB1B5B00D4EE22 /* Build configuration list for PBXNativeTarget "Piloten CockpitTests" */ = {
			isa = XCConfigurationList;
			buildConfigurations = (
				C33D5EAB29EB1B5B00D4EE22 /* Debug */,
				C33D5EAC29EB1B5B00D4EE22 /* Release */,
			);
			defaultConfigurationIsVisible = 0;
			defaultConfigurationName = Release;
		};
		C33D5EAD29EB1B5B00D4EE22 /* Build configuration list for PBXNativeTarget "Piloten CockpitUITests" */ = {
			isa = XCConfigurationList;
			buildConfigurations = (
				C33D5EAE29EB1B5B00D4EE22 /* Debug */,
				C33D5EAF29EB1B5B00D4EE22 /* Release */,
			);
			defaultConfigurationIsVisible = 0;
			defaultConfigurationName = Release;
		};
/* End XCConfigurationList section */
	};
	rootObject = C33D5E7529EB1B5400D4EE22 /* Project object */;
}
